// !$*UTF8*$!
{
	archiveVersion = 1;
	classes = {
	};
	objectVersion = 46;
	objects = {

/* Begin PBXBuildFile section */
		B52090711ADD767000E44C59 /* AppDelegate.m in Sources */ = {isa = PBXBuildFile; fileRef = B520906F1ADD767000E44C59 /* AppDelegate.m */; };
		B52090771ADD778400E44C59 /* LaunchScreen.xib in Resources */ = {isa = PBXBuildFile; fileRef = B52090761ADD778400E44C59 /* LaunchScreen.xib */; };
		B520908D1ADD7B3F00E44C59 /* SinglePlageViewController.m in Sources */ = {isa = PBXBuildFile; fileRef = B52090791ADD7B3F00E44C59 /* SinglePlageViewController.m */; };
		B520908E1ADD7B3F00E44C59 /* PDFMakerViewController.storyboard in Resources */ = {isa = PBXBuildFile; fileRef = B520907B1ADD7B3F00E44C59 /* PDFMakerViewController.storyboard */; };
		B520908F1ADD7B3F00E44C59 /* PDFMakerViewController.m in Sources */ = {isa = PBXBuildFile; fileRef = B520907C1ADD7B3F00E44C59 /* PDFMakerViewController.m */; };
		B52090901ADD7B3F00E44C59 /* LaunchScreen.xib in Resources */ = {isa = PBXBuildFile; fileRef = B520907E1ADD7B3F00E44C59 /* LaunchScreen.xib */; };
		B52090911ADD7B3F00E44C59 /* IPDFCameraViewController.m in Sources */ = {isa = PBXBuildFile; fileRef = B520907F1ADD7B3F00E44C59 /* IPDFCameraViewController.m */; };
		B52090921ADD7B3F00E44C59 /* IPDFCameraView.m in Sources */ = {isa = PBXBuildFile; fileRef = B52090811ADD7B3F00E44C59 /* IPDFCameraView.m */; };
		B52090931ADD7B3F00E44C59 /* Images.xcassets in Resources */ = {isa = PBXBuildFile; fileRef = B52090831ADD7B3F00E44C59 /* Images.xcassets */; };
		B52090941ADD7B3F00E44C59 /* FinishViewController.m in Sources */ = {isa = PBXBuildFile; fileRef = B52090841ADD7B3F00E44C59 /* FinishViewController.m */; };
		B52090951ADD7B3F00E44C59 /* ConvertToPDFViewController.m in Sources */ = {isa = PBXBuildFile; fileRef = B52090861ADD7B3F00E44C59 /* ConvertToPDFViewController.m */; };
		B52090961ADD7B3F00E44C59 /* IPDFCamera.storyboard in Resources */ = {isa = PBXBuildFile; fileRef = B52090891ADD7B3F00E44C59 /* IPDFCamera.storyboard */; };
		B520909A1ADD7B8400E44C59 /* main.m in Sources */ = {isa = PBXBuildFile; fileRef = B52090981ADD7B8400E44C59 /* main.m */; };
		B520909B1ADD7B8400E44C59 /* Info.plist in Resources */ = {isa = PBXBuildFile; fileRef = B52090991ADD7B8400E44C59 /* Info.plist */; };
		B52D4EDC1AE00C6800975FEF /* IPDFDocument.m in Sources */ = {isa = PBXBuildFile; fileRef = B52D4EDB1AE00C6800975FEF /* IPDFDocument.m */; };
		B554D5701AE0905400024CBA /* PDFSplitViewController.m in Sources */ = {isa = PBXBuildFile; fileRef = B554D56F1AE0905400024CBA /* PDFSplitViewController.m */; };
/* End PBXBuildFile section */

/* Begin PBXFileReference section */
		22F8A0091A6279030099DC69 /* IPDFCameraViewControllerDemo.app */ = {isa = PBXFileReference; explicitFileType = wrapper.application; includeInIndex = 0; path = IPDFCameraViewControllerDemo.app; sourceTree = BUILT_PRODUCTS_DIR; };
		B520906F1ADD767000E44C59 /* AppDelegate.m */ = {isa = PBXFileReference; fileEncoding = 4; lastKnownFileType = sourcecode.c.objc; path = AppDelegate.m; sourceTree = "<group>"; };
		B52090701ADD767000E44C59 /* AppDelegate.h */ = {isa = PBXFileReference; fileEncoding = 4; lastKnownFileType = sourcecode.c.h; path = AppDelegate.h; sourceTree = "<group>"; };
		B52090761ADD778400E44C59 /* LaunchScreen.xib */ = {isa = PBXFileReference; fileEncoding = 4; lastKnownFileType = file.xib; path = LaunchScreen.xib; sourceTree = "<group>"; };
		B52090791ADD7B3F00E44C59 /* SinglePlageViewController.m */ = {isa = PBXFileReference; fileEncoding = 4; lastKnownFileType = sourcecode.c.objc; path = SinglePlageViewController.m; sourceTree = "<group>"; };
		B520907A1ADD7B3F00E44C59 /* SinglePlageViewController.h */ = {isa = PBXFileReference; fileEncoding = 4; lastKnownFileType = sourcecode.c.h; path = SinglePlageViewController.h; sourceTree = "<group>"; };
		B520907B1ADD7B3F00E44C59 /* PDFMakerViewController.storyboard */ = {isa = PBXFileReference; fileEncoding = 4; lastKnownFileType = file.storyboard; path = PDFMakerViewController.storyboard; sourceTree = "<group>"; };
		B520907C1ADD7B3F00E44C59 /* PDFMakerViewController.m */ = {isa = PBXFileReference; fileEncoding = 4; lastKnownFileType = sourcecode.c.objc; path = PDFMakerViewController.m; sourceTree = "<group>"; };
		B520907D1ADD7B3F00E44C59 /* PDFMakerViewController.h */ = {isa = PBXFileReference; fileEncoding = 4; lastKnownFileType = sourcecode.c.h; path = PDFMakerViewController.h; sourceTree = "<group>"; };
		B520907E1ADD7B3F00E44C59 /* LaunchScreen.xib */ = {isa = PBXFileReference; fileEncoding = 4; lastKnownFileType = file.xib; path = LaunchScreen.xib; sourceTree = "<group>"; };
		B520907F1ADD7B3F00E44C59 /* IPDFCameraViewController.m */ = {isa = PBXFileReference; fileEncoding = 4; lastKnownFileType = sourcecode.c.objc; path = IPDFCameraViewController.m; sourceTree = "<group>"; };
		B52090801ADD7B3F00E44C59 /* IPDFCameraViewController.h */ = {isa = PBXFileReference; fileEncoding = 4; lastKnownFileType = sourcecode.c.h; path = IPDFCameraViewController.h; sourceTree = "<group>"; };
		B52090811ADD7B3F00E44C59 /* IPDFCameraView.m */ = {isa = PBXFileReference; fileEncoding = 4; lastKnownFileType = sourcecode.c.objc; path = IPDFCameraView.m; sourceTree = "<group>"; };
		B52090821ADD7B3F00E44C59 /* IPDFCameraView.h */ = {isa = PBXFileReference; fileEncoding = 4; lastKnownFileType = sourcecode.c.h; path = IPDFCameraView.h; sourceTree = "<group>"; };
		B52090831ADD7B3F00E44C59 /* Images.xcassets */ = {isa = PBXFileReference; lastKnownFileType = folder.assetcatalog; path = Images.xcassets; sourceTree = "<group>"; };
		B52090841ADD7B3F00E44C59 /* FinishViewController.m */ = {isa = PBXFileReference; fileEncoding = 4; lastKnownFileType = sourcecode.c.objc; path = FinishViewController.m; sourceTree = "<group>"; };
		B52090851ADD7B3F00E44C59 /* FinishViewController.h */ = {isa = PBXFileReference; fileEncoding = 4; lastKnownFileType = sourcecode.c.h; path = FinishViewController.h; sourceTree = "<group>"; };
		B52090861ADD7B3F00E44C59 /* ConvertToPDFViewController.m */ = {isa = PBXFileReference; fileEncoding = 4; lastKnownFileType = sourcecode.c.objc; path = ConvertToPDFViewController.m; sourceTree = "<group>"; };
		B52090871ADD7B3F00E44C59 /* ConvertToPDFViewController.h */ = {isa = PBXFileReference; fileEncoding = 4; lastKnownFileType = sourcecode.c.h; path = ConvertToPDFViewController.h; sourceTree = "<group>"; };
		B520908A1ADD7B3F00E44C59 /* Base */ = {isa = PBXFileReference; lastKnownFileType = file.storyboard; name = Base; path = IPDFCamera.storyboard; sourceTree = "<group>"; };
		B52090981ADD7B8400E44C59 /* main.m */ = {isa = PBXFileReference; fileEncoding = 4; lastKnownFileType = sourcecode.c.objc; path = main.m; sourceTree = "<group>"; };
		B52090991ADD7B8400E44C59 /* Info.plist */ = {isa = PBXFileReference; fileEncoding = 4; lastKnownFileType = text.plist.xml; path = Info.plist; sourceTree = "<group>"; };
		B52D4EDA1AE00C6800975FEF /* IPDFDocument.h */ = {isa = PBXFileReference; fileEncoding = 4; lastKnownFileType = sourcecode.c.h; path = IPDFDocument.h; sourceTree = "<group>"; };
		B52D4EDB1AE00C6800975FEF /* IPDFDocument.m */ = {isa = PBXFileReference; fileEncoding = 4; lastKnownFileType = sourcecode.c.objc; path = IPDFDocument.m; sourceTree = "<group>"; };
		B52D4EE31AE05D2100975FEF /* PDFGenerationDelegate.h */ = {isa = PBXFileReference; lastKnownFileType = sourcecode.c.h; path = PDFGenerationDelegate.h; sourceTree = "<group>"; };
		B554D56E1AE0905400024CBA /* PDFSplitViewController.h */ = {isa = PBXFileReference; fileEncoding = 4; lastKnownFileType = sourcecode.c.h; path = PDFSplitViewController.h; sourceTree = "<group>"; };
		B554D56F1AE0905400024CBA /* PDFSplitViewController.m */ = {isa = PBXFileReference; fileEncoding = 4; lastKnownFileType = sourcecode.c.objc; path = PDFSplitViewController.m; sourceTree = "<group>"; };
/* End PBXFileReference section */

/* Begin PBXFrameworksBuildPhase section */
		22F8A0061A6279030099DC69 /* Frameworks */ = {
			isa = PBXFrameworksBuildPhase;
			buildActionMask = 2147483647;
			files = (
			);
			runOnlyForDeploymentPostprocessing = 0;
		};
/* End PBXFrameworksBuildPhase section */

/* Begin PBXGroup section */
		22F8A0001A6279030099DC69 = {
			isa = PBXGroup;
			children = (
				B52090781ADD7B1400E44C59 /* IPDFCameraViewController */,
				22F8A00B1A6279030099DC69 /* IPDFCameraViewControllerDemo */,
				22F8A00A1A6279030099DC69 /* Products */,
			);
			sourceTree = "<group>";
		};
		22F8A00A1A6279030099DC69 /* Products */ = {
			isa = PBXGroup;
			children = (
				22F8A0091A6279030099DC69 /* IPDFCameraViewControllerDemo.app */,
			);
			name = Products;
			sourceTree = "<group>";
		};
		22F8A00B1A6279030099DC69 /* IPDFCameraViewControllerDemo */ = {
			isa = PBXGroup;
			children = (
				B52090981ADD7B8400E44C59 /* main.m */,
				B52090991ADD7B8400E44C59 /* Info.plist */,
				B52090761ADD778400E44C59 /* LaunchScreen.xib */,
				B520906F1ADD767000E44C59 /* AppDelegate.m */,
				B52090701ADD767000E44C59 /* AppDelegate.h */,
				22F8A00C1A6279030099DC69 /* Supporting Files */,
			);
			path = IPDFCameraViewControllerDemo;
			sourceTree = "<group>";
		};
		22F8A00C1A6279030099DC69 /* Supporting Files */ = {
			isa = PBXGroup;
			children = (
			);
			name = "Supporting Files";
			sourceTree = "<group>";
		};
		B52090781ADD7B1400E44C59 /* IPDFCameraViewController */ = {
			isa = PBXGroup;
			children = (
				B52D4EE31AE05D2100975FEF /* PDFGenerationDelegate.h */,
				B52090791ADD7B3F00E44C59 /* SinglePlageViewController.m */,
				B520907A1ADD7B3F00E44C59 /* SinglePlageViewController.h */,
				B520907B1ADD7B3F00E44C59 /* PDFMakerViewController.storyboard */,
				B520907C1ADD7B3F00E44C59 /* PDFMakerViewController.m */,
				B520907D1ADD7B3F00E44C59 /* PDFMakerViewController.h */,
				B520907E1ADD7B3F00E44C59 /* LaunchScreen.xib */,
				B520907F1ADD7B3F00E44C59 /* IPDFCameraViewController.m */,
				B52090801ADD7B3F00E44C59 /* IPDFCameraViewController.h */,
				B52090811ADD7B3F00E44C59 /* IPDFCameraView.m */,
				B52090821ADD7B3F00E44C59 /* IPDFCameraView.h */,
				B52090831ADD7B3F00E44C59 /* Images.xcassets */,
				B52090841ADD7B3F00E44C59 /* FinishViewController.m */,
				B52090851ADD7B3F00E44C59 /* FinishViewController.h */,
				B52090861ADD7B3F00E44C59 /* ConvertToPDFViewController.m */,
				B52090871ADD7B3F00E44C59 /* ConvertToPDFViewController.h */,
				B52090881ADD7B3F00E44C59 /* Base.lproj */,
				B52D4EDA1AE00C6800975FEF /* IPDFDocument.h */,
				B52D4EDB1AE00C6800975FEF /* IPDFDocument.m */,
				B554D56E1AE0905400024CBA /* PDFSplitViewController.h */,
				B554D56F1AE0905400024CBA /* PDFSplitViewController.m */,
			);
			path = IPDFCameraViewController;
			sourceTree = "<group>";
		};
		B52090881ADD7B3F00E44C59 /* Base.lproj */ = {
			isa = PBXGroup;
			children = (
				B52090891ADD7B3F00E44C59 /* IPDFCamera.storyboard */,
			);
			path = Base.lproj;
			sourceTree = "<group>";
		};
/* End PBXGroup section */

/* Begin PBXNativeTarget section */
		22F8A0081A6279030099DC69 /* IPDFCameraViewControllerDemo */ = {
			isa = PBXNativeTarget;
			buildConfigurationList = 22F8A02C1A6279040099DC69 /* Build configuration list for PBXNativeTarget "IPDFCameraViewControllerDemo" */;
			buildPhases = (
				22F8A0051A6279030099DC69 /* Sources */,
				22F8A0061A6279030099DC69 /* Frameworks */,
				22F8A0071A6279030099DC69 /* Resources */,
			);
			buildRules = (
			);
			dependencies = (
			);
			name = IPDFCameraViewControllerDemo;
			productName = IPDFCameraViewController;
			productReference = 22F8A0091A6279030099DC69 /* IPDFCameraViewControllerDemo.app */;
			productType = "com.apple.product-type.application";
		};
/* End PBXNativeTarget section */

/* Begin PBXProject section */
		22F8A0011A6279030099DC69 /* Project object */ = {
			isa = PBXProject;
			attributes = {
				LastUpgradeCheck = 0610;
				ORGANIZATIONNAME = "Maximilian Mackh";
				TargetAttributes = {
					22F8A0081A6279030099DC69 = {
						CreatedOnToolsVersion = 6.1.1;
						DevelopmentTeam = A6MRYE94VC;
						SystemCapabilities = {
							com.apple.iCloud = {
								enabled = 0;
							};
						};
					};
				};
			};
			buildConfigurationList = 22F8A0041A6279030099DC69 /* Build configuration list for PBXProject "IPDFCameraViewControllerDemo" */;
			compatibilityVersion = "Xcode 3.2";
			developmentRegion = English;
			hasScannedForEncodings = 0;
			knownRegions = (
				en,
				Base,
			);
			mainGroup = 22F8A0001A6279030099DC69;
			productRefGroup = 22F8A00A1A6279030099DC69 /* Products */;
			projectDirPath = "";
			projectRoot = "";
			targets = (
				22F8A0081A6279030099DC69 /* IPDFCameraViewControllerDemo */,
			);
		};
/* End PBXProject section */

/* Begin PBXResourcesBuildPhase section */
		22F8A0071A6279030099DC69 /* Resources */ = {
			isa = PBXResourcesBuildPhase;
			buildActionMask = 2147483647;
			files = (
				B52090771ADD778400E44C59 /* LaunchScreen.xib in Resources */,
				B52090931ADD7B3F00E44C59 /* Images.xcassets in Resources */,
				B520909B1ADD7B8400E44C59 /* Info.plist in Resources */,
				B52090901ADD7B3F00E44C59 /* LaunchScreen.xib in Resources */,
				B52090961ADD7B3F00E44C59 /* IPDFCamera.storyboard in Resources */,
				B520908E1ADD7B3F00E44C59 /* PDFMakerViewController.storyboard in Resources */,
			);
			runOnlyForDeploymentPostprocessing = 0;
		};
/* End PBXResourcesBuildPhase section */

/* Begin PBXSourcesBuildPhase section */
		22F8A0051A6279030099DC69 /* Sources */ = {
			isa = PBXSourcesBuildPhase;
			buildActionMask = 2147483647;
			files = (
				B52090911ADD7B3F00E44C59 /* IPDFCameraViewController.m in Sources */,
				B52090941ADD7B3F00E44C59 /* FinishViewController.m in Sources */,
				B52090951ADD7B3F00E44C59 /* ConvertToPDFViewController.m in Sources */,
				B52D4EDC1AE00C6800975FEF /* IPDFDocument.m in Sources */,
				B520908D1ADD7B3F00E44C59 /* SinglePlageViewController.m in Sources */,
				B520908F1ADD7B3F00E44C59 /* PDFMakerViewController.m in Sources */,
				B52090921ADD7B3F00E44C59 /* IPDFCameraView.m in Sources */,
				B520909A1ADD7B8400E44C59 /* main.m in Sources */,
				B554D5701AE0905400024CBA /* PDFSplitViewController.m in Sources */,
				B52090711ADD767000E44C59 /* AppDelegate.m in Sources */,
			);
			runOnlyForDeploymentPostprocessing = 0;
		};
/* End PBXSourcesBuildPhase section */

/* Begin PBXVariantGroup section */
		B52090891ADD7B3F00E44C59 /* IPDFCamera.storyboard */ = {
			isa = PBXVariantGroup;
			children = (
				B520908A1ADD7B3F00E44C59 /* Base */,
			);
			name = IPDFCamera.storyboard;
			sourceTree = "<group>";
		};
/* End PBXVariantGroup section */

/* Begin XCBuildConfiguration section */
		22F8A02A1A6279040099DC69 /* Debug */ = {
			isa = XCBuildConfiguration;
			buildSettings = {
				ALWAYS_SEARCH_USER_PATHS = NO;
				CLANG_CXX_LANGUAGE_STANDARD = "gnu++0x";
				CLANG_CXX_LIBRARY = "libc++";
				CLANG_ENABLE_MODULES = YES;
				CLANG_ENABLE_OBJC_ARC = YES;
				CLANG_WARN_BOOL_CONVERSION = YES;
				CLANG_WARN_CONSTANT_CONVERSION = YES;
				CLANG_WARN_DIRECT_OBJC_ISA_USAGE = YES_ERROR;
				CLANG_WARN_EMPTY_BODY = YES;
				CLANG_WARN_ENUM_CONVERSION = YES;
				CLANG_WARN_INT_CONVERSION = YES;
				CLANG_WARN_OBJC_ROOT_CLASS = YES_ERROR;
				CLANG_WARN_UNREACHABLE_CODE = YES;
				CLANG_WARN__DUPLICATE_METHOD_MATCH = YES;
				"CODE_SIGN_IDENTITY[sdk=iphoneos*]" = "iPhone Developer";
				COPY_PHASE_STRIP = NO;
				ENABLE_STRICT_OBJC_MSGSEND = YES;
				GCC_C_LANGUAGE_STANDARD = gnu99;
				GCC_DYNAMIC_NO_PIC = NO;
				GCC_OPTIMIZATION_LEVEL = 0;
				GCC_PREPROCESSOR_DEFINITIONS = (
					"DEBUG=1",
					"$(inherited)",
				);
				GCC_SYMBOLS_PRIVATE_EXTERN = NO;
				GCC_WARN_64_TO_32_BIT_CONVERSION = YES;
				GCC_WARN_ABOUT_RETURN_TYPE = YES_ERROR;
				GCC_WARN_UNDECLARED_SELECTOR = YES;
				GCC_WARN_UNINITIALIZED_AUTOS = YES_AGGRESSIVE;
				GCC_WARN_UNUSED_FUNCTION = YES;
				GCC_WARN_UNUSED_VARIABLE = YES;
				IPHONEOS_DEPLOYMENT_TARGET = 8.0;
				MTL_ENABLE_DEBUG_INFO = YES;
				ONLY_ACTIVE_ARCH = YES;
				SDKROOT = iphoneos;
			};
			name = Debug;
		};
		22F8A02B1A6279040099DC69 /* Release */ = {
			isa = XCBuildConfiguration;
			buildSettings = {
				ALWAYS_SEARCH_USER_PATHS = NO;
				CLANG_CXX_LANGUAGE_STANDARD = "gnu++0x";
				CLANG_CXX_LIBRARY = "libc++";
				CLANG_ENABLE_MODULES = YES;
				CLANG_ENABLE_OBJC_ARC = YES;
				CLANG_WARN_BOOL_CONVERSION = YES;
				CLANG_WARN_CONSTANT_CONVERSION = YES;
				CLANG_WARN_DIRECT_OBJC_ISA_USAGE = YES_ERROR;
				CLANG_WARN_EMPTY_BODY = YES;
				CLANG_WARN_ENUM_CONVERSION = YES;
				CLANG_WARN_INT_CONVERSION = YES;
				CLANG_WARN_OBJC_ROOT_CLASS = YES_ERROR;
				CLANG_WARN_UNREACHABLE_CODE = YES;
				CLANG_WARN__DUPLICATE_METHOD_MATCH = YES;
				"CODE_SIGN_IDENTITY[sdk=iphoneos*]" = "iPhone Developer";
				COPY_PHASE_STRIP = YES;
				ENABLE_NS_ASSERTIONS = NO;
				ENABLE_STRICT_OBJC_MSGSEND = YES;
				GCC_C_LANGUAGE_STANDARD = gnu99;
				GCC_WARN_64_TO_32_BIT_CONVERSION = YES;
				GCC_WARN_ABOUT_RETURN_TYPE = YES_ERROR;
				GCC_WARN_UNDECLARED_SELECTOR = YES;
				GCC_WARN_UNINITIALIZED_AUTOS = YES_AGGRESSIVE;
				GCC_WARN_UNUSED_FUNCTION = YES;
				GCC_WARN_UNUSED_VARIABLE = YES;
				IPHONEOS_DEPLOYMENT_TARGET = 8.0;
				MTL_ENABLE_DEBUG_INFO = NO;
				SDKROOT = iphoneos;
				VALIDATE_PRODUCT = YES;
			};
			name = Release;
		};
		22F8A02D1A6279040099DC69 /* Debug */ = {
			isa = XCBuildConfiguration;
			buildSettings = {
				ASSETCATALOG_COMPILER_APPICON_NAME = AppIcon;
				CODE_SIGN_IDENTITY = "iOS Development: Felipe Saint-Jean (T7YHBFV6N8)";
				INFOPLIST_FILE = "$(SRCROOT)/IPDFCameraViewControllerDemo/Info.plist";
				LD_RUNPATH_SEARCH_PATHS = "$(inherited) @executable_path/Frameworks";
				PRODUCT_NAME = IPDFCameraViewControllerDemo;
				TARGETED_DEVICE_FAMILY = "1,2";
			};
			name = Debug;
		};
		22F8A02E1A6279040099DC69 /* Release */ = {
			isa = XCBuildConfiguration;
			buildSettings = {
				ASSETCATALOG_COMPILER_APPICON_NAME = AppIcon;
				CODE_SIGN_IDENTITY = "iPhone Developer";
				INFOPLIST_FILE = "$(SRCROOT)/IPDFCameraViewControllerDemo/Info.plist";
				LD_RUNPATH_SEARCH_PATHS = "$(inherited) @executable_path/Frameworks";
				PRODUCT_NAME = IPDFCameraViewControllerDemo;
				TARGETED_DEVICE_FAMILY = "1,2";
			};
			name = Release;
		};
/* End XCBuildConfiguration section */

/* Begin XCConfigurationList section */
		22F8A0041A6279030099DC69 /* Build configuration list for PBXProject "IPDFCameraViewControllerDemo" */ = {
			isa = XCConfigurationList;
			buildConfigurations = (
				22F8A02A1A6279040099DC69 /* Debug */,
				22F8A02B1A6279040099DC69 /* Release */,
			);
			defaultConfigurationIsVisible = 0;
			defaultConfigurationName = Release;
		};
		22F8A02C1A6279040099DC69 /* Build configuration list for PBXNativeTarget "IPDFCameraViewControllerDemo" */ = {
			isa = XCConfigurationList;
			buildConfigurations = (
				22F8A02D1A6279040099DC69 /* Debug */,
				22F8A02E1A6279040099DC69 /* Release */,
			);
			defaultConfigurationIsVisible = 0;
			defaultConfigurationName = Release;
		};
/* End XCConfigurationList section */
	};
	rootObject = 22F8A0011A6279030099DC69 /* Project object */;
}
